
Microsoft Visual Studio Solution File, Format Version 12.00
# Visual Studio Version 16
VisualStudioVersion = 16.0.31313.79
MinimumVisualStudioVersion = 10.0.40219.1
Project("{9A19103F-16F7-4668-BE54-9A1E7A4F7556}") = "eevgen", "eevgen.csproj", "{55AD9FCF-C3A5-46B2-BE91-A17977437F83}"
EndProject
Global
	GlobalSection(SolutionConfigurationPlatforms) = preSolution
		Debug|Any CPU = Debug|Any CPU
		Release|Any CPU = Release|Any CPU
	EndGlobalSection
	GlobalSection(ProjectConfigurationPlatforms) = postSolution
		{55AD9FCF-C3A5-46B2-BE91-A17977437F83}.Debug|Any CPU.ActiveCfg = Debug|Any CPU
		{55AD9FCF-C3A5-46B2-BE91-A17977437F83}.Debug|Any CPU.Build.0 = Debug|Any CPU
		{55AD9FCF-C3A5-46B2-BE91-A17977437F83}.Release|Any CPU.ActiveCfg = Release|Any CPU
		{55AD9FCF-C3A5-46B2-BE91-A17977437F83}.Release|Any CPU.Build.0 = Release|Any CPU
	EndGlobalSection
	GlobalSection(SolutionProperties) = preSolution
		HideSolutionNode = FALSE
	EndGlobalSection
	GlobalSection(ExtensibilityGlobals) = postSolution
		SolutionGuid = {9D26D798-0921-4025-976A-D60144114483}
	EndGlobalSection
EndGlobal
